// !$*UTF8*$!
{
	archiveVersion = 1;
	classes = {
	};
	objectVersion = 56;
	objects = {

/* Begin PBXBuildFile section */
		CE23955E29A299DC008E9B88 /* RMCharacterStatus.swift in Sources */ = {isa = PBXBuildFile; fileRef = CE23955D29A299DC008E9B88 /* RMCharacterStatus.swift */; };
		CE23956029A29A05008E9B88 /* RMCharacterGender.swift in Sources */ = {isa = PBXBuildFile; fileRef = CE23955F29A29A05008E9B88 /* RMCharacterGender.swift */; };
		CE23956429A2BD42008E9B88 /* RMGetAllCharactersResponse.swift in Sources */ = {isa = PBXBuildFile; fileRef = CE23956329A2BD42008E9B88 /* RMGetAllCharactersResponse.swift */; };
		CE804682299FF81800D86C2E /* AppDelegate.swift in Sources */ = {isa = PBXBuildFile; fileRef = CE804681299FF81800D86C2E /* AppDelegate.swift */; };
		CE804684299FF81800D86C2E /* SceneDelegate.swift in Sources */ = {isa = PBXBuildFile; fileRef = CE804683299FF81800D86C2E /* SceneDelegate.swift */; };
		CE804686299FF81800D86C2E /* RMTabViewController .swift in Sources */ = {isa = PBXBuildFile; fileRef = CE804685299FF81800D86C2E /* RMTabViewController .swift */; };
		CE80468B299FF81900D86C2E /* Assets.xcassets in Resources */ = {isa = PBXBuildFile; fileRef = CE80468A299FF81900D86C2E /* Assets.xcassets */; };
		CE80468E299FF81900D86C2E /* LaunchScreen.storyboard in Resources */ = {isa = PBXBuildFile; fileRef = CE80468C299FF81900D86C2E /* LaunchScreen.storyboard */; };
		CE80469E299FFC3400D86C2E /* RMLocation.swift in Sources */ = {isa = PBXBuildFile; fileRef = CE80469D299FFC3400D86C2E /* RMLocation.swift */; };
		CE8046A0299FFC4F00D86C2E /* RMCharacter.swift in Sources */ = {isa = PBXBuildFile; fileRef = CE80469F299FFC4F00D86C2E /* RMCharacter.swift */; };
		CE8046A2299FFC6000D86C2E /* RMEpisode.swift in Sources */ = {isa = PBXBuildFile; fileRef = CE8046A1299FFC6000D86C2E /* RMEpisode.swift */; };
		CE8046A5299FFCF100D86C2E /* RMCharacterViewController.swift in Sources */ = {isa = PBXBuildFile; fileRef = CE8046A4299FFCF100D86C2E /* RMCharacterViewController.swift */; };
		CE8046A7299FFCFE00D86C2E /* RMLocationViewController.swift in Sources */ = {isa = PBXBuildFile; fileRef = CE8046A6299FFCFE00D86C2E /* RMLocationViewController.swift */; };
		CE8046A9299FFD1300D86C2E /* RMEpisodeViewController.swift in Sources */ = {isa = PBXBuildFile; fileRef = CE8046A8299FFD1300D86C2E /* RMEpisodeViewController.swift */; };
		CE8046AB299FFD2500D86C2E /* RMSettingsViewController.swift in Sources */ = {isa = PBXBuildFile; fileRef = CE8046AA299FFD2500D86C2E /* RMSettingsViewController.swift */; };
		CE8046AD29A0270B00D86C2E /* RMService.swift in Sources */ = {isa = PBXBuildFile; fileRef = CE8046AC29A0270B00D86C2E /* RMService.swift */; };
		CE8046AF29A0271900D86C2E /* RMRequest.swift in Sources */ = {isa = PBXBuildFile; fileRef = CE8046AE29A0271900D86C2E /* RMRequest.swift */; };
		CE8046B129A20F8400D86C2E /* RMEndpoint.swift in Sources */ = {isa = PBXBuildFile; fileRef = CE8046B029A20F8400D86C2E /* RMEndpoint.swift */; };
		CE8046B329A2972000D86C2E /* RMOrigin.swift in Sources */ = {isa = PBXBuildFile; fileRef = CE8046B229A2972000D86C2E /* RMOrigin.swift */; };
		CE8046B729A2985F00D86C2E /* RMSingleLocation.swift in Sources */ = {isa = PBXBuildFile; fileRef = CE8046B629A2985F00D86C2E /* RMSingleLocation.swift */; };
/* End PBXBuildFile section */

/* Begin PBXFileReference section */
		CE23955D29A299DC008E9B88 /* RMCharacterStatus.swift */ = {isa = PBXFileReference; lastKnownFileType = sourcecode.swift; path = RMCharacterStatus.swift; sourceTree = "<group>"; };
		CE23955F29A29A05008E9B88 /* RMCharacterGender.swift */ = {isa = PBXFileReference; lastKnownFileType = sourcecode.swift; path = RMCharacterGender.swift; sourceTree = "<group>"; };
		CE23956329A2BD42008E9B88 /* RMGetAllCharactersResponse.swift */ = {isa = PBXFileReference; lastKnownFileType = sourcecode.swift; path = RMGetAllCharactersResponse.swift; sourceTree = "<group>"; };
		CE80467E299FF81800D86C2E /* RickAndMorty.app */ = {isa = PBXFileReference; explicitFileType = wrapper.application; includeInIndex = 0; path = RickAndMorty.app; sourceTree = BUILT_PRODUCTS_DIR; };
		CE804681299FF81800D86C2E /* AppDelegate.swift */ = {isa = PBXFileReference; lastKnownFileType = sourcecode.swift; path = AppDelegate.swift; sourceTree = "<group>"; };
		CE804683299FF81800D86C2E /* SceneDelegate.swift */ = {isa = PBXFileReference; lastKnownFileType = sourcecode.swift; path = SceneDelegate.swift; sourceTree = "<group>"; };
		CE804685299FF81800D86C2E /* RMTabViewController .swift */ = {isa = PBXFileReference; lastKnownFileType = sourcecode.swift; path = "RMTabViewController .swift"; sourceTree = "<group>"; };
		CE80468A299FF81900D86C2E /* Assets.xcassets */ = {isa = PBXFileReference; lastKnownFileType = folder.assetcatalog; path = Assets.xcassets; sourceTree = "<group>"; };
		CE80468D299FF81900D86C2E /* Base */ = {isa = PBXFileReference; lastKnownFileType = file.storyboard; name = Base; path = Base.lproj/LaunchScreen.storyboard; sourceTree = "<group>"; };
		CE80468F299FF81900D86C2E /* Info.plist */ = {isa = PBXFileReference; lastKnownFileType = text.plist.xml; path = Info.plist; sourceTree = "<group>"; };
		CE80469D299FFC3400D86C2E /* RMLocation.swift */ = {isa = PBXFileReference; lastKnownFileType = sourcecode.swift; path = RMLocation.swift; sourceTree = "<group>"; };
		CE80469F299FFC4F00D86C2E /* RMCharacter.swift */ = {isa = PBXFileReference; lastKnownFileType = sourcecode.swift; path = RMCharacter.swift; sourceTree = "<group>"; };
		CE8046A1299FFC6000D86C2E /* RMEpisode.swift */ = {isa = PBXFileReference; lastKnownFileType = sourcecode.swift; path = RMEpisode.swift; sourceTree = "<group>"; };
		CE8046A4299FFCF100D86C2E /* RMCharacterViewController.swift */ = {isa = PBXFileReference; lastKnownFileType = sourcecode.swift; path = RMCharacterViewController.swift; sourceTree = "<group>"; };
		CE8046A6299FFCFE00D86C2E /* RMLocationViewController.swift */ = {isa = PBXFileReference; lastKnownFileType = sourcecode.swift; path = RMLocationViewController.swift; sourceTree = "<group>"; };
		CE8046A8299FFD1300D86C2E /* RMEpisodeViewController.swift */ = {isa = PBXFileReference; lastKnownFileType = sourcecode.swift; path = RMEpisodeViewController.swift; sourceTree = "<group>"; };
		CE8046AA299FFD2500D86C2E /* RMSettingsViewController.swift */ = {isa = PBXFileReference; lastKnownFileType = sourcecode.swift; path = RMSettingsViewController.swift; sourceTree = "<group>"; };
		CE8046AC29A0270B00D86C2E /* RMService.swift */ = {isa = PBXFileReference; lastKnownFileType = sourcecode.swift; path = RMService.swift; sourceTree = "<group>"; };
		CE8046AE29A0271900D86C2E /* RMRequest.swift */ = {isa = PBXFileReference; lastKnownFileType = sourcecode.swift; path = RMRequest.swift; sourceTree = "<group>"; };
		CE8046B029A20F8400D86C2E /* RMEndpoint.swift */ = {isa = PBXFileReference; lastKnownFileType = sourcecode.swift; path = RMEndpoint.swift; sourceTree = "<group>"; };
		CE8046B229A2972000D86C2E /* RMOrigin.swift */ = {isa = PBXFileReference; lastKnownFileType = sourcecode.swift; path = RMOrigin.swift; sourceTree = "<group>"; };
		CE8046B629A2985F00D86C2E /* RMSingleLocation.swift */ = {isa = PBXFileReference; lastKnownFileType = sourcecode.swift; path = RMSingleLocation.swift; sourceTree = "<group>"; };
/* End PBXFileReference section */

/* Begin PBXFrameworksBuildPhase section */
		CE80467B299FF81800D86C2E /* Frameworks */ = {
			isa = PBXFrameworksBuildPhase;
			buildActionMask = 2147483647;
			files = (
			);
			runOnlyForDeploymentPostprocessing = 0;
		};
/* End PBXFrameworksBuildPhase section */

/* Begin PBXGroup section */
		CE23956129A2BD11008E9B88 /* DataTypes */ = {
			isa = PBXGroup;
			children = (
				CE80469D299FFC3400D86C2E /* RMLocation.swift */,
				CE80469F299FFC4F00D86C2E /* RMCharacter.swift */,
				CE8046A1299FFC6000D86C2E /* RMEpisode.swift */,
				CE8046B229A2972000D86C2E /* RMOrigin.swift */,
				CE8046B629A2985F00D86C2E /* RMSingleLocation.swift */,
				CE23955D29A299DC008E9B88 /* RMCharacterStatus.swift */,
				CE23955F29A29A05008E9B88 /* RMCharacterGender.swift */,
			);
			path = DataTypes;
			sourceTree = "<group>";
		};
		CE23956229A2BD21008E9B88 /* APIResponseTypes */ = {
			isa = PBXGroup;
			children = (
				CE23956329A2BD42008E9B88 /* RMGetAllCharactersResponse.swift */,
			);
			path = APIResponseTypes;
			sourceTree = "<group>";
		};
		CE804675299FF81800D86C2E = {
			isa = PBXGroup;
			children = (
				CE804680299FF81800D86C2E /* RickAndMorty */,
				CE80467F299FF81800D86C2E /* Products */,
			);
			sourceTree = "<group>";
		};
		CE80467F299FF81800D86C2E /* Products */ = {
			isa = PBXGroup;
			children = (
				CE80467E299FF81800D86C2E /* RickAndMorty.app */,
			);
			name = Products;
			sourceTree = "<group>";
		};
		CE804680299FF81800D86C2E /* RickAndMorty */ = {
			isa = PBXGroup;
			children = (
				CE80469C299FFBB400D86C2E /* Resources */,
				CE80469B299FFBAE00D86C2E /* Managers */,
				CE80469A299FFB9C00D86C2E /* APIClient */,
				CE804698299FFB6200D86C2E /* ViewModels */,
				CE804697299FFB5100D86C2E /* Views */,
				CE804696299FFB4400D86C2E /* Models */,
				CE804695299FFB2A00D86C2E /* Controllers */,
				CE80468F299FF81900D86C2E /* Info.plist */,
			);
			path = RickAndMorty;
			sourceTree = "<group>";
		};
		CE804695299FFB2A00D86C2E /* Controllers */ = {
			isa = PBXGroup;
			children = (
				CE8046A3299FFCB500D86C2E /* Core */,
			);
			path = Controllers;
			sourceTree = "<group>";
		};
		CE804696299FFB4400D86C2E /* Models */ = {
			isa = PBXGroup;
			children = (
				CE23956229A2BD21008E9B88 /* APIResponseTypes */,
				CE23956129A2BD11008E9B88 /* DataTypes */,
			);
			path = Models;
			sourceTree = "<group>";
		};
		CE804697299FFB5100D86C2E /* Views */ = {
			isa = PBXGroup;
			children = (
			);
			path = Views;
			sourceTree = "<group>";
		};
		CE804698299FFB6200D86C2E /* ViewModels */ = {
			isa = PBXGroup;
			children = (
			);
			path = ViewModels;
			sourceTree = "<group>";
		};
		CE80469A299FFB9C00D86C2E /* APIClient */ = {
			isa = PBXGroup;
			children = (
				CE8046AC29A0270B00D86C2E /* RMService.swift */,
				CE8046AE29A0271900D86C2E /* RMRequest.swift */,
				CE8046B029A20F8400D86C2E /* RMEndpoint.swift */,
			);
			path = APIClient;
			sourceTree = "<group>";
		};
		CE80469B299FFBAE00D86C2E /* Managers */ = {
			isa = PBXGroup;
			children = (
			);
			path = Managers;
			sourceTree = "<group>";
		};
		CE80469C299FFBB400D86C2E /* Resources */ = {
			isa = PBXGroup;
			children = (
				CE80468C299FF81900D86C2E /* LaunchScreen.storyboard */,
				CE80468A299FF81900D86C2E /* Assets.xcassets */,
				CE804681299FF81800D86C2E /* AppDelegate.swift */,
				CE804683299FF81800D86C2E /* SceneDelegate.swift */,
			);
			path = Resources;
			sourceTree = "<group>";
		};
		CE8046A3299FFCB500D86C2E /* Core */ = {
			isa = PBXGroup;
			children = (
				CE804685299FF81800D86C2E /* RMTabViewController .swift */,
				CE8046A4299FFCF100D86C2E /* RMCharacterViewController.swift */,
				CE8046A6299FFCFE00D86C2E /* RMLocationViewController.swift */,
				CE8046A8299FFD1300D86C2E /* RMEpisodeViewController.swift */,
				CE8046AA299FFD2500D86C2E /* RMSettingsViewController.swift */,
			);
			path = Core;
			sourceTree = "<group>";
		};
/* End PBXGroup section */

/* Begin PBXNativeTarget section */
		CE80467D299FF81800D86C2E /* RickAndMorty */ = {
			isa = PBXNativeTarget;
			buildConfigurationList = CE804692299FF81900D86C2E /* Build configuration list for PBXNativeTarget "RickAndMorty" */;
			buildPhases = (
				CE80467A299FF81800D86C2E /* Sources */,
				CE80467B299FF81800D86C2E /* Frameworks */,
				CE80467C299FF81800D86C2E /* Resources */,
			);
			buildRules = (
			);
			dependencies = (
			);
			name = RickAndMorty;
			productName = RickAndMorty;
			productReference = CE80467E299FF81800D86C2E /* RickAndMorty.app */;
			productType = "com.apple.product-type.application";
		};
/* End PBXNativeTarget section */

/* Begin PBXProject section */
		CE804676299FF81800D86C2E /* Project object */ = {
			isa = PBXProject;
			attributes = {
				BuildIndependentTargetsInParallel = 1;
				LastSwiftUpdateCheck = 1420;
				LastUpgradeCheck = 1420;
				TargetAttributes = {
					CE80467D299FF81800D86C2E = {
						CreatedOnToolsVersion = 14.2;
					};
				};
			};
			buildConfigurationList = CE804679299FF81800D86C2E /* Build configuration list for PBXProject "RickAndMorty" */;
			compatibilityVersion = "Xcode 14.0";
			developmentRegion = en;
			hasScannedForEncodings = 0;
			knownRegions = (
				en,
				Base,
			);
			mainGroup = CE804675299FF81800D86C2E;
			productRefGroup = CE80467F299FF81800D86C2E /* Products */;
			projectDirPath = "";
			projectRoot = "";
			targets = (
				CE80467D299FF81800D86C2E /* RickAndMorty */,
			);
		};
/* End PBXProject section */

/* Begin PBXResourcesBuildPhase section */
		CE80467C299FF81800D86C2E /* Resources */ = {
			isa = PBXResourcesBuildPhase;
			buildActionMask = 2147483647;
			files = (
				CE80468E299FF81900D86C2E /* LaunchScreen.storyboard in Resources */,
				CE80468B299FF81900D86C2E /* Assets.xcassets in Resources */,
			);
			runOnlyForDeploymentPostprocessing = 0;
		};
/* End PBXResourcesBuildPhase section */

/* Begin PBXSourcesBuildPhase section */
		CE80467A299FF81800D86C2E /* Sources */ = {
			isa = PBXSourcesBuildPhase;
			buildActionMask = 2147483647;
			files = (
				CE8046B329A2972000D86C2E /* RMOrigin.swift in Sources */,
				CE8046B729A2985F00D86C2E /* RMSingleLocation.swift in Sources */,
				CE23956429A2BD42008E9B88 /* RMGetAllCharactersResponse.swift in Sources */,
				CE23955E29A299DC008E9B88 /* RMCharacterStatus.swift in Sources */,
				CE23956029A29A05008E9B88 /* RMCharacterGender.swift in Sources */,
				CE8046B129A20F8400D86C2E /* RMEndpoint.swift in Sources */,
				CE8046A7299FFCFE00D86C2E /* RMLocationViewController.swift in Sources */,
				CE8046A2299FFC6000D86C2E /* RMEpisode.swift in Sources */,
				CE804686299FF81800D86C2E /* RMTabViewController .swift in Sources */,
				CE8046A9299FFD1300D86C2E /* RMEpisodeViewController.swift in Sources */,
				CE804682299FF81800D86C2E /* AppDelegate.swift in Sources */,
				CE804684299FF81800D86C2E /* SceneDelegate.swift in Sources */,
				CE8046AB299FFD2500D86C2E /* RMSettingsViewController.swift in Sources */,
				CE8046AD29A0270B00D86C2E /* RMService.swift in Sources */,
				CE80469E299FFC3400D86C2E /* RMLocation.swift in Sources */,
				CE8046A0299FFC4F00D86C2E /* RMCharacter.swift in Sources */,
				CE8046AF29A0271900D86C2E /* RMRequest.swift in Sources */,
				CE8046A5299FFCF100D86C2E /* RMCharacterViewController.swift in Sources */,
			);
			runOnlyForDeploymentPostprocessing = 0;
		};
/* End PBXSourcesBuildPhase section */

/* Begin PBXVariantGroup section */
		CE80468C299FF81900D86C2E /* LaunchScreen.storyboard */ = {
			isa = PBXVariantGroup;
			children = (
				CE80468D299FF81900D86C2E /* Base */,
			);
			name = LaunchScreen.storyboard;
			sourceTree = "<group>";
		};
/* End PBXVariantGroup section */

/* Begin XCBuildConfiguration section */
		CE804690299FF81900D86C2E /* Debug */ = {
			isa = XCBuildConfiguration;
			buildSettings = {
				ALWAYS_SEARCH_USER_PATHS = NO;
				CLANG_ANALYZER_NONNULL = YES;
				CLANG_ANALYZER_NUMBER_OBJECT_CONVERSION = YES_AGGRESSIVE;
				CLANG_CXX_LANGUAGE_STANDARD = "gnu++20";
				CLANG_ENABLE_MODULES = YES;
				CLANG_ENABLE_OBJC_ARC = YES;
				CLANG_ENABLE_OBJC_WEAK = YES;
				CLANG_WARN_BLOCK_CAPTURE_AUTORELEASING = YES;
				CLANG_WARN_BOOL_CONVERSION = YES;
				CLANG_WARN_COMMA = YES;
				CLANG_WARN_CONSTANT_CONVERSION = YES;
				CLANG_WARN_DEPRECATED_OBJC_IMPLEMENTATIONS = YES;
				CLANG_WARN_DIRECT_OBJC_ISA_USAGE = YES_ERROR;
				CLANG_WARN_DOCUMENTATION_COMMENTS = YES;
				CLANG_WARN_EMPTY_BODY = YES;
				CLANG_WARN_ENUM_CONVERSION = YES;
				CLANG_WARN_INFINITE_RECURSION = YES;
				CLANG_WARN_INT_CONVERSION = YES;
				CLANG_WARN_NON_LITERAL_NULL_CONVERSION = YES;
				CLANG_WARN_OBJC_IMPLICIT_RETAIN_SELF = YES;
				CLANG_WARN_OBJC_LITERAL_CONVERSION = YES;
				CLANG_WARN_OBJC_ROOT_CLASS = YES_ERROR;
				CLANG_WARN_QUOTED_INCLUDE_IN_FRAMEWORK_HEADER = YES;
				CLANG_WARN_RANGE_LOOP_ANALYSIS = YES;
				CLANG_WARN_STRICT_PROTOTYPES = YES;
				CLANG_WARN_SUSPICIOUS_MOVE = YES;
				CLANG_WARN_UNGUARDED_AVAILABILITY = YES_AGGRESSIVE;
				CLANG_WARN_UNREACHABLE_CODE = YES;
				CLANG_WARN__DUPLICATE_METHOD_MATCH = YES;
				COPY_PHASE_STRIP = NO;
				DEBUG_INFORMATION_FORMAT = dwarf;
				ENABLE_STRICT_OBJC_MSGSEND = YES;
				ENABLE_TESTABILITY = YES;
				GCC_C_LANGUAGE_STANDARD = gnu11;
				GCC_DYNAMIC_NO_PIC = NO;
				GCC_NO_COMMON_BLOCKS = YES;
				GCC_OPTIMIZATION_LEVEL = 0;
				GCC_PREPROCESSOR_DEFINITIONS = (
					"DEBUG=1",
					"$(inherited)",
				);
				GCC_WARN_64_TO_32_BIT_CONVERSION = YES;
				GCC_WARN_ABOUT_RETURN_TYPE = YES_ERROR;
				GCC_WARN_UNDECLARED_SELECTOR = YES;
				GCC_WARN_UNINITIALIZED_AUTOS = YES_AGGRESSIVE;
				GCC_WARN_UNUSED_FUNCTION = YES;
				GCC_WARN_UNUSED_VARIABLE = YES;
				IPHONEOS_DEPLOYMENT_TARGET = 16.2;
				MTL_ENABLE_DEBUG_INFO = INCLUDE_SOURCE;
				MTL_FAST_MATH = YES;
				ONLY_ACTIVE_ARCH = YES;
				SDKROOT = iphoneos;
				SWIFT_ACTIVE_COMPILATION_CONDITIONS = DEBUG;
				SWIFT_OPTIMIZATION_LEVEL = "-Onone";
			};
			name = Debug;
		};
		CE804691299FF81900D86C2E /* Release */ = {
			isa = XCBuildConfiguration;
			buildSettings = {
				ALWAYS_SEARCH_USER_PATHS = NO;
				CLANG_ANALYZER_NONNULL = YES;
				CLANG_ANALYZER_NUMBER_OBJECT_CONVERSION = YES_AGGRESSIVE;
				CLANG_CXX_LANGUAGE_STANDARD = "gnu++20";
				CLANG_ENABLE_MODULES = YES;
				CLANG_ENABLE_OBJC_ARC = YES;
				CLANG_ENABLE_OBJC_WEAK = YES;
				CLANG_WARN_BLOCK_CAPTURE_AUTORELEASING = YES;
				CLANG_WARN_BOOL_CONVERSION = YES;
				CLANG_WARN_COMMA = YES;
				CLANG_WARN_CONSTANT_CONVERSION = YES;
				CLANG_WARN_DEPRECATED_OBJC_IMPLEMENTATIONS = YES;
				CLANG_WARN_DIRECT_OBJC_ISA_USAGE = YES_ERROR;
				CLANG_WARN_DOCUMENTATION_COMMENTS = YES;
				CLANG_WARN_EMPTY_BODY = YES;
				CLANG_WARN_ENUM_CONVERSION = YES;
				CLANG_WARN_INFINITE_RECURSION = YES;
				CLANG_WARN_INT_CONVERSION = YES;
				CLANG_WARN_NON_LITERAL_NULL_CONVERSION = YES;
				CLANG_WARN_OBJC_IMPLICIT_RETAIN_SELF = YES;
				CLANG_WARN_OBJC_LITERAL_CONVERSION = YES;
				CLANG_WARN_OBJC_ROOT_CLASS = YES_ERROR;
				CLANG_WARN_QUOTED_INCLUDE_IN_FRAMEWORK_HEADER = YES;
				CLANG_WARN_RANGE_LOOP_ANALYSIS = YES;
				CLANG_WARN_STRICT_PROTOTYPES = YES;
				CLANG_WARN_SUSPICIOUS_MOVE = YES;
				CLANG_WARN_UNGUARDED_AVAILABILITY = YES_AGGRESSIVE;
				CLANG_WARN_UNREACHABLE_CODE = YES;
				CLANG_WARN__DUPLICATE_METHOD_MATCH = YES;
				COPY_PHASE_STRIP = NO;
				DEBUG_INFORMATION_FORMAT = "dwarf-with-dsym";
				ENABLE_NS_ASSERTIONS = NO;
				ENABLE_STRICT_OBJC_MSGSEND = YES;
				GCC_C_LANGUAGE_STANDARD = gnu11;
				GCC_NO_COMMON_BLOCKS = YES;
				GCC_WARN_64_TO_32_BIT_CONVERSION = YES;
				GCC_WARN_ABOUT_RETURN_TYPE = YES_ERROR;
				GCC_WARN_UNDECLARED_SELECTOR = YES;
				GCC_WARN_UNINITIALIZED_AUTOS = YES_AGGRESSIVE;
				GCC_WARN_UNUSED_FUNCTION = YES;
				GCC_WARN_UNUSED_VARIABLE = YES;
				IPHONEOS_DEPLOYMENT_TARGET = 16.2;
				MTL_ENABLE_DEBUG_INFO = NO;
				MTL_FAST_MATH = YES;
				SDKROOT = iphoneos;
				SWIFT_COMPILATION_MODE = wholemodule;
				SWIFT_OPTIMIZATION_LEVEL = "-O";
				VALIDATE_PRODUCT = YES;
			};
			name = Release;
		};
		CE804693299FF81900D86C2E /* Debug */ = {
			isa = XCBuildConfiguration;
			buildSettings = {
				ASSETCATALOG_COMPILER_APPICON_NAME = AppIcon;
				ASSETCATALOG_COMPILER_GLOBAL_ACCENT_COLOR_NAME = AccentColor;
				CODE_SIGN_STYLE = Automatic;
				CURRENT_PROJECT_VERSION = 1;
				DEVELOPMENT_TEAM = PAWUB24V3D;
				GENERATE_INFOPLIST_FILE = YES;
				INFOPLIST_FILE = RickAndMorty/Info.plist;
				INFOPLIST_KEY_UIApplicationSupportsIndirectInputEvents = YES;
				INFOPLIST_KEY_UILaunchStoryboardName = LaunchScreen;
				INFOPLIST_KEY_UISupportedInterfaceOrientations_iPad = "UIInterfaceOrientationPortrait UIInterfaceOrientationPortraitUpsideDown UIInterfaceOrientationLandscapeLeft UIInterfaceOrientationLandscapeRight";
				INFOPLIST_KEY_UISupportedInterfaceOrientations_iPhone = "UIInterfaceOrientationPortrait UIInterfaceOrientationLandscapeLeft UIInterfaceOrientationLandscapeRight";
				LD_RUNPATH_SEARCH_PATHS = (
					"$(inherited)",
					"@executable_path/Frameworks",
				);
				MARKETING_VERSION = 1.0;
				PRODUCT_BUNDLE_IDENTIFIER = com.gautham.RickAndMorty;
				PRODUCT_NAME = "$(TARGET_NAME)";
				SWIFT_EMIT_LOC_STRINGS = YES;
				SWIFT_VERSION = 5.0;
				TARGETED_DEVICE_FAMILY = "1,2";
			};
			name = Debug;
		};
		CE804694299FF81900D86C2E /* Release */ = {
			isa = XCBuildConfiguration;
			buildSettings = {
				ASSETCATALOG_COMPILER_APPICON_NAME = AppIcon;
				ASSETCATALOG_COMPILER_GLOBAL_ACCENT_COLOR_NAME = AccentColor;
				CODE_SIGN_STYLE = Automatic;
				CURRENT_PROJECT_VERSION = 1;
				DEVELOPMENT_TEAM = PAWUB24V3D;
				GENERATE_INFOPLIST_FILE = YES;
				INFOPLIST_FILE = RickAndMorty/Info.plist;
				INFOPLIST_KEY_UIApplicationSupportsIndirectInputEvents = YES;
				INFOPLIST_KEY_UILaunchStoryboardName = LaunchScreen;
				INFOPLIST_KEY_UISupportedInterfaceOrientations_iPad = "UIInterfaceOrientationPortrait UIInterfaceOrientationPortraitUpsideDown UIInterfaceOrientationLandscapeLeft UIInterfaceOrientationLandscapeRight";
				INFOPLIST_KEY_UISupportedInterfaceOrientations_iPhone = "UIInterfaceOrientationPortrait UIInterfaceOrientationLandscapeLeft UIInterfaceOrientationLandscapeRight";
				LD_RUNPATH_SEARCH_PATHS = (
					"$(inherited)",
					"@executable_path/Frameworks",
				);
				MARKETING_VERSION = 1.0;
				PRODUCT_BUNDLE_IDENTIFIER = com.gautham.RickAndMorty;
				PRODUCT_NAME = "$(TARGET_NAME)";
				SWIFT_EMIT_LOC_STRINGS = YES;
				SWIFT_VERSION = 5.0;
				TARGETED_DEVICE_FAMILY = "1,2";
			};
			name = Release;
		};
/* End XCBuildConfiguration section */

/* Begin XCConfigurationList section */
		CE804679299FF81800D86C2E /* Build configuration list for PBXProject "RickAndMorty" */ = {
			isa = XCConfigurationList;
			buildConfigurations = (
				CE804690299FF81900D86C2E /* Debug */,
				CE804691299FF81900D86C2E /* Release */,
			);
			defaultConfigurationIsVisible = 0;
			defaultConfigurationName = Release;
		};
		CE804692299FF81900D86C2E /* Build configuration list for PBXNativeTarget "RickAndMorty" */ = {
			isa = XCConfigurationList;
			buildConfigurations = (
				CE804693299FF81900D86C2E /* Debug */,
				CE804694299FF81900D86C2E /* Release */,
			);
			defaultConfigurationIsVisible = 0;
			defaultConfigurationName = Release;
		};
/* End XCConfigurationList section */
	};
	rootObject = CE804676299FF81800D86C2E /* Project object */;
}
